// !$*UTF8*$!
{
	archiveVersion = 1;
	classes = {
	};
	objectVersion = 46;
	objects = {

/* Begin PBXBuildFile section */
		F83508E81D108A03004F6927 /* AppDelegate.swift in Sources */ = {isa = PBXBuildFile; fileRef = F83508E71D108A03004F6927 /* AppDelegate.swift */; };
		F83508EA1D108A03004F6927 /* FirstViewController.swift in Sources */ = {isa = PBXBuildFile; fileRef = F83508E91D108A03004F6927 /* FirstViewController.swift */; };
		F83508EC1D108A03004F6927 /* SecondViewController.swift in Sources */ = {isa = PBXBuildFile; fileRef = F83508EB1D108A03004F6927 /* SecondViewController.swift */; };
		F83508EF1D108A03004F6927 /* Main.storyboard in Resources */ = {isa = PBXBuildFile; fileRef = F83508ED1D108A03004F6927 /* Main.storyboard */; };
		F83508F11D108A03004F6927 /* Assets.xcassets in Resources */ = {isa = PBXBuildFile; fileRef = F83508F01D108A03004F6927 /* Assets.xcassets */; };
		F83508F41D108A03004F6927 /* LaunchScreen.storyboard in Resources */ = {isa = PBXBuildFile; fileRef = F83508F21D108A03004F6927 /* LaunchScreen.storyboard */; };
/* End PBXBuildFile section */

/* Begin PBXFileReference section */
		F83508E41D108A03004F6927 /* SpendMe.app */ = {isa = PBXFileReference; explicitFileType = wrapper.application; includeInIndex = 0; path = SpendMe.app; sourceTree = BUILT_PRODUCTS_DIR; };
		F83508E71D108A03004F6927 /* AppDelegate.swift */ = {isa = PBXFileReference; lastKnownFileType = sourcecode.swift; path = AppDelegate.swift; sourceTree = "<group>"; };
		F83508E91D108A03004F6927 /* FirstViewController.swift */ = {isa = PBXFileReference; lastKnownFileType = sourcecode.swift; path = FirstViewController.swift; sourceTree = "<group>"; };
		F83508EB1D108A03004F6927 /* SecondViewController.swift */ = {isa = PBXFileReference; lastKnownFileType = sourcecode.swift; path = SecondViewController.swift; sourceTree = "<group>"; };
		F83508EE1D108A03004F6927 /* Base */ = {isa = PBXFileReference; lastKnownFileType = file.storyboard; name = Base; path = Base.lproj/Main.storyboard; sourceTree = "<group>"; };
		F83508F01D108A03004F6927 /* Assets.xcassets */ = {isa = PBXFileReference; lastKnownFileType = folder.assetcatalog; path = Assets.xcassets; sourceTree = "<group>"; };
		F83508F31D108A03004F6927 /* Base */ = {isa = PBXFileReference; lastKnownFileType = file.storyboard; name = Base; path = Base.lproj/LaunchScreen.storyboard; sourceTree = "<group>"; };
		F83508F51D108A03004F6927 /* Info.plist */ = {isa = PBXFileReference; lastKnownFileType = text.plist.xml; path = Info.plist; sourceTree = "<group>"; };
/* End PBXFileReference section */

/* Begin PBXFrameworksBuildPhase section */
		F83508E11D108A03004F6927 /* Frameworks */ = {
			isa = PBXFrameworksBuildPhase;
			buildActionMask = 2147483647;
			files = (
			);
			runOnlyForDeploymentPostprocessing = 0;
		};
/* End PBXFrameworksBuildPhase section */

/* Begin PBXGroup section */
		F83508DB1D108A03004F6927 = {
			isa = PBXGroup;
			children = (
				F83508E61D108A03004F6927 /* SpendMe */,
				F83508E51D108A03004F6927 /* Products */,
			);
			sourceTree = "<group>";
		};
		F83508E51D108A03004F6927 /* Products */ = {
			isa = PBXGroup;
			children = (
				F83508E41D108A03004F6927 /* SpendMe.app */,
			);
			name = Products;
			sourceTree = "<group>";
		};
		F83508E61D108A03004F6927 /* SpendMe */ = {
			isa = PBXGroup;
			children = (
				F83508E71D108A03004F6927 /* AppDelegate.swift */,
				F83508E91D108A03004F6927 /* FirstViewController.swift */,
				F83508EB1D108A03004F6927 /* SecondViewController.swift */,
				F83508ED1D108A03004F6927 /* Main.storyboard */,
				F83508F01D108A03004F6927 /* Assets.xcassets */,
				F83508F21D108A03004F6927 /* LaunchScreen.storyboard */,
				F83508F51D108A03004F6927 /* Info.plist */,
			);
			path = SpendMe;
			sourceTree = "<group>";
		};
/* End PBXGroup section */

/* Begin PBXNativeTarget section */
		F83508E31D108A03004F6927 /* SpendMe */ = {
			isa = PBXNativeTarget;
			buildConfigurationList = F83508F81D108A03004F6927 /* Build configuration list for PBXNativeTarget "SpendMe" */;
			buildPhases = (
				F83508E01D108A03004F6927 /* Sources */,
				F83508E11D108A03004F6927 /* Frameworks */,
				F83508E21D108A03004F6927 /* Resources */,
			);
			buildRules = (
			);
			dependencies = (
			);
			name = SpendMe;
			productName = SpendMe;
			productReference = F83508E41D108A03004F6927 /* SpendMe.app */;
			productType = "com.apple.product-type.application";
		};
/* End PBXNativeTarget section */

/* Begin PBXProject section */
		F83508DC1D108A03004F6927 /* Project object */ = {
			isa = PBXProject;
			attributes = {
				LastSwiftUpdateCheck = 0730;
				LastUpgradeCheck = 0730;
				ORGANIZATIONNAME = "Robot Dream";
				TargetAttributes = {
					F83508E31D108A03004F6927 = {
						CreatedOnToolsVersion = 7.3.1;
						DevelopmentTeam = R3JV2Y8V3K;
					};
				};
			};
			buildConfigurationList = F83508DF1D108A03004F6927 /* Build configuration list for PBXProject "SpendMe" */;
			compatibilityVersion = "Xcode 3.2";
			developmentRegion = English;
			hasScannedForEncodings = 0;
			knownRegions = (
				en,
				Base,
			);
			mainGroup = F83508DB1D108A03004F6927;
			productRefGroup = F83508E51D108A03004F6927 /* Products */;
			projectDirPath = "";
			projectRoot = "";
			targets = (
				F83508E31D108A03004F6927 /* SpendMe */,
			);
		};
/* End PBXProject section */

/* Begin PBXResourcesBuildPhase section */
		F83508E21D108A03004F6927 /* Resources */ = {
			isa = PBXResourcesBuildPhase;
			buildActionMask = 2147483647;
			files = (
				F83508F41D108A03004F6927 /* LaunchScreen.storyboard in Resources */,
				F83508F11D108A03004F6927 /* Assets.xcassets in Resources */,
				F83508EF1D108A03004F6927 /* Main.storyboard in Resources */,
			);
			runOnlyForDeploymentPostprocessing = 0;
		};
/* End PBXResourcesBuildPhase section */

/* Begin PBXSourcesBuildPhase section */
		F83508E01D108A03004F6927 /* Sources */ = {
			isa = PBXSourcesBuildPhase;
			buildActionMask = 2147483647;
			files = (
				F83508EC1D108A03004F6927 /* SecondViewController.swift in Sources */,
				F83508E81D108A03004F6927 /* AppDelegate.swift in Sources */,
				F83508EA1D108A03004F6927 /* FirstViewController.swift in Sources */,
			);
			runOnlyForDeploymentPostprocessing = 0;
		};
/* End PBXSourcesBuildPhase section */

/* Begin PBXVariantGroup section */
		F83508ED1D108A03004F6927 /* Main.storyboard */ = {
			isa = PBXVariantGroup;
			children = (
				F83508EE1D108A03004F6927 /* Base */,
			);
			name = Main.storyboard;
			sourceTree = "<group>";
		};
		F83508F21D108A03004F6927 /* LaunchScreen.storyboard */ = {
			isa = PBXVariantGroup;
			children = (
				F83508F31D108A03004F6927 /* Base */,
			);
			name = LaunchScreen.storyboard;
			sourceTree = "<group>";
		};
/* End PBXVariantGroup section */

/* Begin XCBuildConfiguration section */
		F83508F61D108A03004F6927 /* Debug */ = {
			isa = XCBuildConfiguration;
			buildSettings = {
				ALWAYS_SEARCH_USER_PATHS = NO;
				CLANG_ANALYZER_NONNULL = YES;
				CLANG_CXX_LANGUAGE_STANDARD = "gnu++0x";
				CLANG_CXX_LIBRARY = "libc++";
				CLANG_ENABLE_MODULES = YES;
				CLANG_ENABLE_OBJC_ARC = YES;
				CLANG_WARN_BOOL_CONVERSION = YES;
				CLANG_WARN_CONSTANT_CONVERSION = YES;
				CLANG_WARN_DIRECT_OBJC_ISA_USAGE = YES_ERROR;
				CLANG_WARN_EMPTY_BODY = YES;
				CLANG_WARN_ENUM_CONVERSION = YES;
				CLANG_WARN_INT_CONVERSION = YES;
				CLANG_WARN_OBJC_ROOT_CLASS = YES_ERROR;
				CLANG_WARN_UNREACHABLE_CODE = YES;
				CLANG_WARN__DUPLICATE_METHOD_MATCH = YES;
				"CODE_SIGN_IDENTITY[sdk=iphoneos*]" = "iPhone Developer";
				COPY_PHASE_STRIP = NO;
				DEBUG_INFORMATION_FORMAT = dwarf;
				ENABLE_STRICT_OBJC_MSGSEND = YES;
				ENABLE_TESTABILITY = YES;
				GCC_C_LANGUAGE_STANDARD = gnu99;
				GCC_DYNAMIC_NO_PIC = NO;
				GCC_NO_COMMON_BLOCKS = YES;
				GCC_OPTIMIZATION_LEVEL = 0;
				GCC_PREPROCESSOR_DEFINITIONS = (
					"DEBUG=1",
					"$(inherited)",
				);
				GCC_WARN_64_TO_32_BIT_CONVERSION = YES;
				GCC_WARN_ABOUT_RETURN_TYPE = YES_ERROR;
				GCC_WARN_UNDECLARED_SELECTOR = YES;
				GCC_WARN_UNINITIALIZED_AUTOS = YES_AGGRESSIVE;
				GCC_WARN_UNUSED_FUNCTION = YES;
				GCC_WARN_UNUSED_VARIABLE = YES;
				IPHONEOS_DEPLOYMENT_TARGET = 9.3;
				MTL_ENABLE_DEBUG_INFO = YES;
				ONLY_ACTIVE_ARCH = YES;
				SDKROOT = iphoneos;
				SWIFT_OPTIMIZATION_LEVEL = "-Onone";
			};
			name = Debug;
		};
		F83508F71D108A03004F6927 /* Release */ = {
			isa = XCBuildConfiguration;
			buildSettings = {
				ALWAYS_SEARCH_USER_PATHS = NO;
				CLANG_ANALYZER_NONNULL = YES;
				CLANG_CXX_LANGUAGE_STANDARD = "gnu++0x";
				CLANG_CXX_LIBRARY = "libc++";
				CLANG_ENABLE_MODULES = YES;
				CLANG_ENABLE_OBJC_ARC = YES;
				CLANG_WARN_BOOL_CONVERSION = YES;
				CLANG_WARN_CONSTANT_CONVERSION = YES;
				CLANG_WARN_DIRECT_OBJC_ISA_USAGE = YES_ERROR;
				CLANG_WARN_EMPTY_BODY = YES;
				CLANG_WARN_ENUM_CONVERSION = YES;
				CLANG_WARN_INT_CONVERSION = YES;
				CLANG_WARN_OBJC_ROOT_CLASS = YES_ERROR;
				CLANG_WARN_UNREACHABLE_CODE = YES;
				CLANG_WARN__DUPLICATE_METHOD_MATCH = YES;
				"CODE_SIGN_IDENTITY[sdk=iphoneos*]" = "iPhone Developer";
				COPY_PHASE_STRIP = NO;
				DEBUG_INFORMATION_FORMAT = "dwarf-with-dsym";
				ENABLE_NS_ASSERTIONS = NO;
				ENABLE_STRICT_OBJC_MSGSEND = YES;
				GCC_C_LANGUAGE_STANDARD = gnu99;
				GCC_NO_COMMON_BLOCKS = YES;
				GCC_WARN_64_TO_32_BIT_CONVERSION = YES;
				GCC_WARN_ABOUT_RETURN_TYPE = YES_ERROR;
				GCC_WARN_UNDECLARED_SELECTOR = YES;
				GCC_WARN_UNINITIALIZED_AUTOS = YES_AGGRESSIVE;
				GCC_WARN_UNUSED_FUNCTION = YES;
				GCC_WARN_UNUSED_VARIABLE = YES;
				IPHONEOS_DEPLOYMENT_TARGET = 9.3;
				MTL_ENABLE_DEBUG_INFO = NO;
				SDKROOT = iphoneos;
				VALIDATE_PRODUCT = YES;
			};
			name = Release;
		};
		F83508F91D108A03004F6927 /* Debug */ = {
			isa = XCBuildConfiguration;
			buildSettings = {
				ASSETCATALOG_COMPILER_APPICON_NAME = AppIcon;
				INFOPLIST_FILE = SpendMe/Info.plist;
				LD_RUNPATH_SEARCH_PATHS = "$(inherited) @executable_path/Frameworks";
				PRODUCT_BUNDLE_IDENTIFIER = com.robotdream.SpendMe;
				PRODUCT_NAME = "$(TARGET_NAME)";
			};
			name = Debug;
		};
		F83508FA1D108A03004F6927 /* Release */ = {
			isa = XCBuildConfiguration;
			buildSettings = {
				ASSETCATALOG_COMPILER_APPICON_NAME = AppIcon;
				INFOPLIST_FILE = SpendMe/Info.plist;
				LD_RUNPATH_SEARCH_PATHS = "$(inherited) @executable_path/Frameworks";
				PRODUCT_BUNDLE_IDENTIFIER = com.robotdream.SpendMe;
				PRODUCT_NAME = "$(TARGET_NAME)";
			};
			name = Release;
		};
/* End XCBuildConfiguration section */

/* Begin XCConfigurationList section */
		F83508DF1D108A03004F6927 /* Build configuration list for PBXProject "SpendMe" */ = {
			isa = XCConfigurationList;
			buildConfigurations = (
				F83508F61D108A03004F6927 /* Debug */,
				F83508F71D108A03004F6927 /* Release */,
			);
			defaultConfigurationIsVisible = 0;
			defaultConfigurationName = Release;
		};
		F83508F81D108A03004F6927 /* Build configuration list for PBXNativeTarget "SpendMe" */ = {
			isa = XCConfigurationList;
			buildConfigurations = (
				F83508F91D108A03004F6927 /* Debug */,
				F83508FA1D108A03004F6927 /* Release */,
			);
			defaultConfigurationIsVisible = 0;
		};
/* End XCConfigurationList section */
	};
	rootObject = F83508DC1D108A03004F6927 /* Project object */;
}
